{"1.1.0",
[{<<"foil">>,
  {git,"https://github.com/lpgauth/foil.git",
       {ref,"b55c30ff8b21daf89a85d1565d4b836c7f9e549b"}},
  0},
 {<<"granderl">>,{pkg,<<"granderl">>,<<"0.1.5">>},1},
 {<<"metal">>,{pkg,<<"metal">>,<<"0.1.1">>},1},
 {<<"shackle">>,
  {git,"https://github.com/lpgauth/shackle.git",
       {ref,"1cf730d86b918df5d390dcfce7f33f49de8e2084"}},
  0}]}.
[
{pkg_hash,[
 {<<"granderl">>, <<"F20077A68BD80B8D8783BD15A052813C6483771DEC1A5B837D307CBE92F14122">>},
 {<<"metal">>, <<"5D3D1322DA7BCD34B94FED5486F577973685298883954F7A3E517EF5EF6953F5">>}]}
].
